bitbucket.org/creachadair/stringset v0.0.12 h1:APD8dIoAzGv70a6p1oasPDjPwkp+ajszdgKyWUcNqo0=
bitbucket.org/creachadair/stringset v0.0.12/go.mod h1:KtNk2s0hRO1T0r78lv9Zq/S/Lp0du2zI0Fj5j5Y4LDo=
buf.build/gen/go/bufbuild/bufplugin/protocolbuffers/go v1.36.3-20250121211742-6d880cc6cc8d.1 h1:1v+ez1GRKKKdI1IwDDQqV98lGKo8489+Ekql+prUW6c=
buf.build/gen/go/bufbuild/bufplugin/protocolbuffers/go v1.36.3-20250121211742-6d880cc6cc8d.1/go.mod h1:MYDFm9IHRP085R5Bis68mLc0mIqp5Q27Uk4o8YXjkAI=
buf.build/gen/go/bufbuild/protovalidate/protocolbuffers/go v1.36.3-20241127180247-a33202765966.1 h1:cQZXKoQ+eB0kykzfJe80RP3nc+3PWbbBrUBm8XNYAQY=
buf.build/gen/go/bufbuild/protovalidate/protocolbuffers/go v1.36.3-20241127180247-a33202765966.1/go.mod h1:6VPKM8zbmgf9qsmkmKeH49a36Vtmidw3rG53B5mTenc=
buf.build/gen/go/pluginrpc/pluginrpc/protocolbuffers/go v1.36.3-20241007202033-cf42259fcbfc.1 h1:NOipq02MS20WQCr6rfAG1o0n2AuQnY4Xg9avLl16csA=
buf.build/gen/go/pluginrpc/pluginrpc/protocolbuffers/go v1.36.3-20241007202033-cf42259fcbfc.1/go.mod h1:jceo5esD5zSbflHHGad57RXzBpRrcPaiLrLQRA+Mbec=
buf.build/go/bufplugin v0.7.0 h1:Tq8FXBVfpMxhl3QR6P/gMQHROg1Ss7WhpyD4QVV61ds=
buf.build/go/bufplugin v0.7.0/go.mod h1:LuQzv36Ezu2zQIQUtwg4WJJFe58tXn1anL1IosAh6ik=
buf.build/go/spdx v0.2.0 h1:IItqM0/cMxvFJJumcBuP8NrsIzMs/UYjp/6WSpq8LTw=
buf.build/go/spdx v0.2.0/go.mod h1:bXdwQFem9Si3nsbNy8aJKGPoaPi5DKwdeEp5/ArZ6w8=
cel.dev/expr v0.24.0 h1:56OvJKSH3hDGL0ml5uSxZmz3/3Pq4tJ+fb1unVLAFcY=
cel.dev/expr v0.24.0/go.mod h1:hLPLo1W4QUmuYdA72RBX06QTs6MXw941piREPl3Yfiw=
cloud.google.com/go/iam v1.5.3/go.mod h1:MR3v9oLkZCTlaqljW6Eb2d3HGDGK5/bDv93jhfISFvU=
cloud.google.com/go/longrunning v0.8.0 h1:LiKK77J3bx5gDLi4SMViHixjD2ohlkwBi+mKA7EhfW8=
cloud.google.com/go/longrunning v0.8.0/go.mod h1:UmErU2Onzi+fKDg2gR7dusz11Pe26aknR4kHmJJqIfk=
github.com/antlr4-go/antlr/v4 v4.13.1 h1:SqQKkuVZ+zWkMMNkjy5FZe5mr5WURWnlpmOuzYWrPrQ=
github.com/antlr4-go/antlr/v4 v4.13.1/go.mod h1:GKmUxMtwp6ZgGwZSva4eWPC5mS6vUAmOABFgjdkM7Nw=
github.com/bmatcuk/doublestar/v4 v4.9.2 h1:b0mc6WyRSYLjzofB2v/0cuDUZ+MqoGyH3r0dVij35GI=
github.com/bmatcuk/doublestar/v4 v4.9.2/go.mod h1:xBQ8jztBU6kakFMg+8WGxn0c6z1fTSPVIjEY1Wr7jzc=
github.com/bufbuild/protocompile v0.14.1 h1:iA73zAf/fyljNjQKwYzUHD6AD4R8KMasmwa/FBatYVw=
github.com/bufbuild/protocompile v0.14.1/go.mod h1:ppVdAIhbr2H8asPk6k4pY7t9zB1OU5DoEw9xY/FUi1c=
github.com/bufbuild/protovalidate-go v0.8.2 h1:sgzXHkHYP6HnAsL2Rd3I1JxkYUyEQUv9awU1PduMxbM=
github.com/bufbuild/protovalidate-go v0.8.2/go.mod h1:K6w8iPNAXBoIivVueSELbUeUl+MmeTQfCDSug85pn3M=
github.com/davecgh/go-spew v1.1.1/go.mod h1:J7Y8YcW2NihsgmVo/mv3lAwl/skON4iLHjSsI+c5H38=
github.com/gertd/go-pluralize v0.2.1 h1:M3uASbVjMnTsPb0PNqg+E/24Vwigyo/tvyMTtAlLgiA=
github.com/gertd/go-pluralize v0.2.1/go.mod h1:rbYaKDbsXxmRfr8uygAEKhOWsjyrrqrkHVpZvoOp8zk=
github.com/golang/protobuf v1.5.4 h1:i7eJL8qZTpSEXOPTxNKhASYpMn+8e5Q6AdndVa1dWek=
github.com/golang/protobuf v1.5.4/go.mod h1:lnTiLA8Wa4RWRcIUkrtSVa5nRhsEGBg48fD6rSs7xps=
github.com/google/cel-go v0.22.1 h1:AfVXx3chM2qwoSbM7Da8g8hX8OVSkBFwX+rz2+PcK40=
github.com/google/cel-go v0.22.1/go.mod h1:BuznPXXfQDpXKWQ9sPW3TzlAJN5zzFe+i9tIs0yC4s8=
github.com/google/go-cmp v0.7.0/go.mod h1:pXiqmnSA92OHEEa9HXL2W4E7lf9JzCmGVUdgjX3N/iU=
github.com/googleapis/api-linter v1.72.0 h1:vzJrnz3lHotkP584UVtfS/aa7kZJ1Q18/o5MMSTvUQw=
github.com/googleapis/api-linter v1.72.0/go.mod h1:3+GtmIywVAO7+q+wad38Eoh/77DfOgd5MBbjDLTThoA=
github.com/jhump/protoreflect v1.17.0 h1:qOEr613fac2lOuTgWN4tPAtLL7fUSbuJL5X5XumQh94=
github.com/jhump/protoreflect v1.17.0/go.mod h1:h9+vUUL38jiBzck8ck+6G/aeMX8Z4QUY/NiJPwPNi+8=
github.com/lithammer/dedent v1.1.0/go.mod h1:jrXYCQtgg0nJiN+StA2KgR7w6CiQNv9Fd/Z9BP0jIOc=
github.com/mattn/go-isatty v0.0.20 h1:xfD0iDuEKnDkl03q4limB+vH+GxLEtL/jb4xVJSWWEY=
github.com/mattn/go-isatty v0.0.20/go.mod h1:W+V8PltTTMOvKvAeJH7IuucS94S2C6jfK/D7dTCTo3Y=
github.com/mattn/go-runewidth v0.0.9/go.mod h1:H031xJmbD/WCDINGzjvQ9THkh0rPKHF+m2gUSrubnMI=
github.com/olekukonko/tablewriter v0.0.5/go.mod h1:hPp6KlRPjbx+hW8ykQs1w3UBbZlj6HuIJcUGPhkA7kY=
github.com/pmezard/go-difflib v1.0.0/go.mod h1:iKH77koFhYxTK1pcRnkKkqfTogsbg7gZNVY4sRDYZ/4=
github.com/spf13/pflag v1.0.10 h1:4EBh2KAYBwaONj6b2Ye1GiHfwjqyROoF4RwYO+vPwFk=
github.com/spf13/pflag v1.0.10/go.mod h1:McXfInJRrz4CZXVZOBLb0bTZqETkiAhM9Iw0y3An2Bg=
github.com/stoewer/go-strcase v1.3.1 h1:iS0MdW+kVTxgMoE1LAZyMiYJFKlOzLooE4MxjirtkAs=
github.com/stoewer/go-strcase v1.3.1/go.mod h1:fAH5hQ5pehh+j3nZfvwdk2RgEgQjAoM8wodgtPmh1xo=
github.com/stretchr/testify v1.10.0/go.mod h1:r2ic/lqez/lEtzL7wO/rwa5dbSLXVDPFyf8C91i36aY=
golang.org/x/exp v0.0.0-20250106191152-7588d65b2ba8 h1:yqrTHse8TCMW1M1ZCP+VAR/l0kKxwaAIqN/il7x4voA=
golang.org/x/exp v0.0.0-20250106191152-7588d65b2ba8/go.mod h1:tujkw807nyEEAamNbDrEGzRav+ilXA7PCRAd6xsmwiU=
golang.org/x/net v0.46.0 h1:giFlY12I07fugqwPuWJi68oOnpfqFnJIJzaIIm2JVV4=
golang.org/x/net v0.46.0/go.mod h1:Q9BGdFy1y4nkUwiLvT5qtyhAnEHgnQ/zd8PfU6nc210=
golang.org/x/sync v0.19.0/go.mod h1:9KTHXmSnoGruLpwFjVSX0lNNA75CykiMECbovNTZqGI=
golang.org/x/sys v0.37.0 h1:fdNQudmxPjkdUTPnLn5mdQv7Zwvbvpaxqs831goi9kQ=
golang.org/x/sys v0.37.0/go.mod h1:OgkHotnGiDImocRcuBABYBEXf8A9a87e/uXjp9XT3ks=
golang.org/x/text v0.33.0 h1:B3njUFyqtHDUI5jMn1YIr5B0IE2U0qck04r6d4KPAxE=
golang.org/x/text v0.33.0/go.mod h1:LuMebE6+rBincTi9+xWTY8TztLzKHc/9C1uBCG27+q8=
google.golang.org/genproto v0.0.0-20251222181119-0a764e51fe1b h1:kqShdsddZrS6q+DGBCA73CzHsKDu5vW4qw78tFnbVvY=
google.golang.org/genproto v0.0.0-20251222181119-0a764e51fe1b/go.mod h1:gw1DtiPCt5uh/HV9STVEeaO00S5ATsJiJ2LsZV8lcDI=
google.golang.org/genproto/googleapis/api v0.0.0-20251222181119-0a764e51fe1b h1:uA40e2M6fYRBf0+8uN5mLlqUtV192iiksiICIBkYJ1E=
google.golang.org/genproto/googleapis/api v0.0.0-20251222181119-0a764e51fe1b/go.mod h1:Xa7le7qx2vmqB/SzWUBa7KdMjpdpAHlh5QCSnjessQk=
google.golang.org/genproto/googleapis/rpc v0.0.0-20251213004720-97cd9d5aeac2 h1:2I6GHUeJ/4shcDpoUlLs/2WPnhg7yJwvXtqcMJt9liA=
google.golang.org/genproto/googleapis/rpc v0.0.0-20251213004720-97cd9d5aeac2/go.mod h1:7i2o+ce6H/6BluujYR+kqX3GKH+dChPTQU19wjRPiGk=
google.golang.org/grpc v1.76.0 h1:UnVkv1+uMLYXoIz6o7chp59WfQUYA2ex/BXQ9rHZu7A=
google.golang.org/grpc v1.76.0/go.mod h1:Ju12QI8M6iQJtbcsV+awF5a4hfJMLi4X0JLo94ULZ6c=
google.golang.org/protobuf v1.36.11 h1:fV6ZwhNocDyBLK0dj+fg8ektcVegBBuEolpbTQyBNVE=
google.golang.org/protobuf v1.36.11/go.mod h1:HTf+CrKn2C3g5S8VImy6tdcUvCska2kB7j23XfzDpco=
gopkg.in/yaml.v3 v3.0.1 h1:fxVm/GzAzEWqLHuvctI91KS9hhNmmWOoWu0XTYJS7CA=
gopkg.in/yaml.v3 v3.0.1/go.mod h1:K4uyk7z7BCEPqu6E+C64Yfv1cQ7kz7rIZviUmN+EgEM=
pluginrpc.com/pluginrpc v0.5.0 h1:tOQj2D35hOmvHyPu8e7ohW2/QvAnEtKscy2IJYWQ2yo=
pluginrpc.com/pluginrpc v0.5.0/go.mod h1:UNWZ941hcVAoOZUn8YZsMmOZBzbUjQa3XMns8RQLp9o=
